
Microsoft Visual Studio Solution File, Format Version 12.00
# Visual Studio Version 17
VisualStudioVersion = 17.1.32113.165
MinimumVisualStudioVersion = 10.0.40219.1
Project("{FAE04EC0-301F-11D3-BF4B-00C04F79EFBC}") = "war-game", "war-game\war-game.csproj", "{82EC67B8-C632-4D00-922A-F501E89D225C}"
EndProject
Global
	GlobalSection(SolutionConfigurationPlatforms) = preSolution
		Debug|Any CPU = Debug|Any CPU
		Release|Any CPU = Release|Any CPU
	EndGlobalSection
	GlobalSection(ProjectConfigurationPlatforms) = postSolution
		{82EC67B8-C632-4D00-922A-F501E89D225C}.Debug|Any CPU.ActiveCfg = Debug|Any CPU
		{82EC67B8-C632-4D00-922A-F501E89D225C}.Debug|Any CPU.Build.0 = Debug|Any CPU
		{82EC67B8-C632-4D00-922A-F501E89D225C}.Release|Any CPU.ActiveCfg = Release|Any CPU
		{82EC67B8-C632-4D00-922A-F501E89D225C}.Release|Any CPU.Build.0 = Release|Any CPU
	EndGlobalSection
	GlobalSection(SolutionProperties) = preSolution
		HideSolutionNode = FALSE
	EndGlobalSection
	GlobalSection(ExtensibilityGlobals) = postSolution
		SolutionGuid = {1B325A16-D861-4D7A-8CEA-77296DF14D15}
	EndGlobalSection
EndGlobal
